
Microsoft Visual Studio Solution File, Format Version 12.00
# Visual Studio 2015
Project("{FAE04EC0-301F-11D3-BF4B-00C04F79EFBC}") = "LanOu_Json_Learn", "LanOu_Json_Learn.csproj", "{E82974E7-57EA-B44B-3A2E-134A33BED7B7}"
EndProject
Global
	GlobalSection(SolutionConfigurationPlatforms) = preSolution
		Debug|Any CPU = Debug|Any CPU
		Release|Any CPU = Release|Any CPU
	EndGlobalSection
	GlobalSection(ProjectConfigurationPlatforms) = postSolution
		{E82974E7-57EA-B44B-3A2E-134A33BED7B7}.Debug|Any CPU.ActiveCfg = Debug|Any CPU
		{E82974E7-57EA-B44B-3A2E-134A33BED7B7}.Debug|Any CPU.Build.0 = Debug|Any CPU
		{E82974E7-57EA-B44B-3A2E-134A33BED7B7}.Release|Any CPU.ActiveCfg = Release|Any CPU
		{E82974E7-57EA-B44B-3A2E-134A33BED7B7}.Release|Any CPU.Build.0 = Release|Any CPU
	EndGlobalSection
	GlobalSection(SolutionProperties) = preSolution
		HideSolutionNode = FALSE
	EndGlobalSection
EndGlobal
